// !$*UTF8*$!
{
	archiveVersion = 1;
	classes = {
	};
	objectVersion = 55;
	objects = {

/* Begin PBXBuildFile section */
		180349C1281E9D1700CCC90B /* TabBarView.swift in Sources */ = {isa = PBXBuildFile; fileRef = 180349C0281E9D1700CCC90B /* TabBarView.swift */; };
		180349C3281EA51500CCC90B /* PicturesGalleryView.swift in Sources */ = {isa = PBXBuildFile; fileRef = 180349C2281EA51500CCC90B /* PicturesGalleryView.swift */; };
		1804E2F32819CA1C009A9F9B /* FriendsListView.swift in Sources */ = {isa = PBXBuildFile; fileRef = 1804E2F22819CA1C009A9F9B /* FriendsListView.swift */; };
		1804E2F52819D076009A9F9B /* CircleImageStyle.swift in Sources */ = {isa = PBXBuildFile; fileRef = 1804E2F42819D076009A9F9B /* CircleImageStyle.swift */; };
		1804E2F7281A7AF6009A9F9B /* UserImage.swift in Sources */ = {isa = PBXBuildFile; fileRef = 1804E2F6281A7AF6009A9F9B /* UserImage.swift */; };
		1804E2F9281A7E18009A9F9B /* UserGroup.swift in Sources */ = {isa = PBXBuildFile; fileRef = 1804E2F8281A7E18009A9F9B /* UserGroup.swift */; };
		1804E2FB281A83A7009A9F9B /* TitleText.swift in Sources */ = {isa = PBXBuildFile; fileRef = 1804E2FA281A83A7009A9F9B /* TitleText.swift */; };
		1804E2FD281A85A3009A9F9B /* SingleTitle.swift in Sources */ = {isa = PBXBuildFile; fileRef = 1804E2FC281A85A3009A9F9B /* SingleTitle.swift */; };
		1804E2FF281A874A009A9F9B /* FootnoteText.swift in Sources */ = {isa = PBXBuildFile; fileRef = 1804E2FE281A874A009A9F9B /* FootnoteText.swift */; };
		1804E301281A8C8A009A9F9B /* HomeView.swift in Sources */ = {isa = PBXBuildFile; fileRef = 1804E300281A8C8A009A9F9B /* HomeView.swift */; };
		1804E304281A9859009A9F9B /* ContainerView.swift in Sources */ = {isa = PBXBuildFile; fileRef = 1804E303281A9859009A9F9B /* ContainerView.swift */; };
		18288300281CDD4400FEB5A4 /* FriendDetailView.swift in Sources */ = {isa = PBXBuildFile; fileRef = 182882FF281CDD4400FEB5A4 /* FriendDetailView.swift */; };
		1828C482281E7970006C8B66 /* ImageGalleryView.swift in Sources */ = {isa = PBXBuildFile; fileRef = 1828C481281E7970006C8B66 /* ImageGalleryView.swift */; };
		1828C484281E838D006C8B66 /* ImageModel.swift in Sources */ = {isa = PBXBuildFile; fileRef = 1828C483281E838D006C8B66 /* ImageModel.swift */; };
		182AF82F28201FEC007F4D83 /* SectionModel.swift in Sources */ = {isa = PBXBuildFile; fileRef = 182AF82E28201FEC007F4D83 /* SectionModel.swift */; };
		183CD53B281C9303001884AB /* FriendModel.swift in Sources */ = {isa = PBXBuildFile; fileRef = 183CD53A281C9303001884AB /* FriendModel.swift */; };
		184C3485280FCE2300203031 /* SwiftUI_1788App.swift in Sources */ = {isa = PBXBuildFile; fileRef = 184C3484280FCE2300203031 /* SwiftUI_1788App.swift */; };
		184C3487280FCE2300203031 /* LoginView.swift in Sources */ = {isa = PBXBuildFile; fileRef = 184C3486280FCE2300203031 /* LoginView.swift */; };
		184C3489280FCE2700203031 /* Assets.xcassets in Resources */ = {isa = PBXBuildFile; fileRef = 184C3488280FCE2700203031 /* Assets.xcassets */; };
		184C348C280FCE2700203031 /* Preview Assets.xcassets in Resources */ = {isa = PBXBuildFile; fileRef = 184C348B280FCE2700203031 /* Preview Assets.xcassets */; };
		184C527F28296F4300357BB4 /* LabelForTextFieldStyle.swift in Sources */ = {isa = PBXBuildFile; fileRef = 184C527E28296F4300357BB4 /* LabelForTextFieldStyle.swift */; };
		184C5281282973A900357BB4 /* LabelForTextfield.swift in Sources */ = {isa = PBXBuildFile; fileRef = 184C5280282973A900357BB4 /* LabelForTextfield.swift */; };
		18B2031D28190452007EAE1E /* AlertView.swift in Sources */ = {isa = PBXBuildFile; fileRef = 18B2031C28190452007EAE1E /* AlertView.swift */; };
		18B2032128190BA2007EAE1E /* CornerRadiusWithShadow.swift in Sources */ = {isa = PBXBuildFile; fileRef = 18B2032028190BA2007EAE1E /* CornerRadiusWithShadow.swift */; };
		18B203232819BFBB007EAE1E /* VisibilityStyle.swift in Sources */ = {isa = PBXBuildFile; fileRef = 18B203222819BFBB007EAE1E /* VisibilityStyle.swift */; };
/* End PBXBuildFile section */

/* Begin PBXFileReference section */
		180349C0281E9D1700CCC90B /* TabBarView.swift */ = {isa = PBXFileReference; lastKnownFileType = sourcecode.swift; path = TabBarView.swift; sourceTree = "<group>"; };
		180349C2281EA51500CCC90B /* PicturesGalleryView.swift */ = {isa = PBXFileReference; lastKnownFileType = sourcecode.swift; path = PicturesGalleryView.swift; sourceTree = "<group>"; };
		1804E2F22819CA1C009A9F9B /* FriendsListView.swift */ = {isa = PBXFileReference; lastKnownFileType = sourcecode.swift; path = FriendsListView.swift; sourceTree = "<group>"; };
		1804E2F42819D076009A9F9B /* CircleImageStyle.swift */ = {isa = PBXFileReference; lastKnownFileType = sourcecode.swift; path = CircleImageStyle.swift; sourceTree = "<group>"; };
		1804E2F6281A7AF6009A9F9B /* UserImage.swift */ = {isa = PBXFileReference; lastKnownFileType = sourcecode.swift; path = UserImage.swift; sourceTree = "<group>"; };
		1804E2F8281A7E18009A9F9B /* UserGroup.swift */ = {isa = PBXFileReference; lastKnownFileType = sourcecode.swift; path = UserGroup.swift; sourceTree = "<group>"; };
		1804E2FA281A83A7009A9F9B /* TitleText.swift */ = {isa = PBXFileReference; lastKnownFileType = sourcecode.swift; path = TitleText.swift; sourceTree = "<group>"; };
		1804E2FC281A85A3009A9F9B /* SingleTitle.swift */ = {isa = PBXFileReference; lastKnownFileType = sourcecode.swift; path = SingleTitle.swift; sourceTree = "<group>"; };
		1804E2FE281A874A009A9F9B /* FootnoteText.swift */ = {isa = PBXFileReference; lastKnownFileType = sourcecode.swift; path = FootnoteText.swift; sourceTree = "<group>"; };
		1804E300281A8C8A009A9F9B /* HomeView.swift */ = {isa = PBXFileReference; lastKnownFileType = sourcecode.swift; path = HomeView.swift; sourceTree = "<group>"; };
		1804E303281A9859009A9F9B /* ContainerView.swift */ = {isa = PBXFileReference; lastKnownFileType = sourcecode.swift; path = ContainerView.swift; sourceTree = "<group>"; };
		182882FF281CDD4400FEB5A4 /* FriendDetailView.swift */ = {isa = PBXFileReference; lastKnownFileType = sourcecode.swift; path = FriendDetailView.swift; sourceTree = "<group>"; };
		1828C481281E7970006C8B66 /* ImageGalleryView.swift */ = {isa = PBXFileReference; lastKnownFileType = sourcecode.swift; path = ImageGalleryView.swift; sourceTree = "<group>"; };
		1828C483281E838D006C8B66 /* ImageModel.swift */ = {isa = PBXFileReference; lastKnownFileType = sourcecode.swift; path = ImageModel.swift; sourceTree = "<group>"; };
		182AF82E28201FEC007F4D83 /* SectionModel.swift */ = {isa = PBXFileReference; lastKnownFileType = sourcecode.swift; path = SectionModel.swift; sourceTree = "<group>"; };
		183CD53A281C9303001884AB /* FriendModel.swift */ = {isa = PBXFileReference; lastKnownFileType = sourcecode.swift; path = FriendModel.swift; sourceTree = "<group>"; };
		184C3481280FCE2300203031 /* SwiftUI-1788.app */ = {isa = PBXFileReference; explicitFileType = wrapper.application; includeInIndex = 0; path = "SwiftUI-1788.app"; sourceTree = BUILT_PRODUCTS_DIR; };
		184C3484280FCE2300203031 /* SwiftUI_1788App.swift */ = {isa = PBXFileReference; lastKnownFileType = sourcecode.swift; path = SwiftUI_1788App.swift; sourceTree = "<group>"; };
		184C3486280FCE2300203031 /* LoginView.swift */ = {isa = PBXFileReference; lastKnownFileType = sourcecode.swift; path = LoginView.swift; sourceTree = "<group>"; };
		184C3488280FCE2700203031 /* Assets.xcassets */ = {isa = PBXFileReference; lastKnownFileType = folder.assetcatalog; path = Assets.xcassets; sourceTree = "<group>"; };
		184C348B280FCE2700203031 /* Preview Assets.xcassets */ = {isa = PBXFileReference; lastKnownFileType = folder.assetcatalog; path = "Preview Assets.xcassets"; sourceTree = "<group>"; };
		184C527E28296F4300357BB4 /* LabelForTextFieldStyle.swift */ = {isa = PBXFileReference; lastKnownFileType = sourcecode.swift; path = LabelForTextFieldStyle.swift; sourceTree = "<group>"; };
		184C5280282973A900357BB4 /* LabelForTextfield.swift */ = {isa = PBXFileReference; lastKnownFileType = sourcecode.swift; path = LabelForTextfield.swift; sourceTree = "<group>"; };
		18B2031C28190452007EAE1E /* AlertView.swift */ = {isa = PBXFileReference; lastKnownFileType = sourcecode.swift; path = AlertView.swift; sourceTree = "<group>"; };
		18B2032028190BA2007EAE1E /* CornerRadiusWithShadow.swift */ = {isa = PBXFileReference; lastKnownFileType = sourcecode.swift; path = CornerRadiusWithShadow.swift; sourceTree = "<group>"; };
		18B203222819BFBB007EAE1E /* VisibilityStyle.swift */ = {isa = PBXFileReference; lastKnownFileType = sourcecode.swift; path = VisibilityStyle.swift; sourceTree = "<group>"; };
/* End PBXFileReference section */

/* Begin PBXFrameworksBuildPhase section */
		184C347E280FCE2300203031 /* Frameworks */ = {
			isa = PBXFrameworksBuildPhase;
			buildActionMask = 2147483647;
			files = (
			);
			runOnlyForDeploymentPostprocessing = 0;
		};
/* End PBXFrameworksBuildPhase section */

/* Begin PBXGroup section */
		1804E302281A9821009A9F9B /* Service */ = {
			isa = PBXGroup;
			children = (
				1804E303281A9859009A9F9B /* ContainerView.swift */,
			);
			path = Service;
			sourceTree = "<group>";
		};
		182AF83028202D0C007F4D83 /* Views */ = {
			isa = PBXGroup;
			children = (
				184C3486280FCE2300203031 /* LoginView.swift */,
				1804E300281A8C8A009A9F9B /* HomeView.swift */,
				180349C2281EA51500CCC90B /* PicturesGalleryView.swift */,
				1828C481281E7970006C8B66 /* ImageGalleryView.swift */,
				180349C0281E9D1700CCC90B /* TabBarView.swift */,
				182882FF281CDD4400FEB5A4 /* FriendDetailView.swift */,
				1804E2F22819CA1C009A9F9B /* FriendsListView.swift */,
			);
			path = Views;
			sourceTree = "<group>";
		};
		183CD53C281CD3EB001884AB /* Models */ = {
			isa = PBXGroup;
			children = (
				183CD53A281C9303001884AB /* FriendModel.swift */,
				1828C483281E838D006C8B66 /* ImageModel.swift */,
				182AF82E28201FEC007F4D83 /* SectionModel.swift */,
			);
			path = Models;
			sourceTree = "<group>";
		};
		184C3478280FCE2300203031 = {
			isa = PBXGroup;
			children = (
				184C3483280FCE2300203031 /* SwiftUI-1788 */,
				184C3482280FCE2300203031 /* Products */,
			);
			sourceTree = "<group>";
		};
		184C3482280FCE2300203031 /* Products */ = {
			isa = PBXGroup;
			children = (
				184C3481280FCE2300203031 /* SwiftUI-1788.app */,
			);
			name = Products;
			sourceTree = "<group>";
		};
		184C3483280FCE2300203031 /* SwiftUI-1788 */ = {
			isa = PBXGroup;
			children = (
				184C3484280FCE2300203031 /* SwiftUI_1788App.swift */,
				182AF83028202D0C007F4D83 /* Views */,
				183CD53C281CD3EB001884AB /* Models */,
				18B203242819C971007EAE1E /* PrototypeCell */,
				18B2031F28190B6D007EAE1E /* ViewModifiers */,
				18B2031E28190757007EAE1E /* ViewBuilders */,
				1804E302281A9821009A9F9B /* Service */,
				184C3488280FCE2700203031 /* Assets.xcassets */,
				184C348A280FCE2700203031 /* Preview Content */,
			);
			path = "SwiftUI-1788";
			sourceTree = "<group>";
		};
		184C348A280FCE2700203031 /* Preview Content */ = {
			isa = PBXGroup;
			children = (
				184C348B280FCE2700203031 /* Preview Assets.xcassets */,
			);
			path = "Preview Content";
			sourceTree = "<group>";
		};
		18B2031E28190757007EAE1E /* ViewBuilders */ = {
			isa = PBXGroup;
			children = (
				18B2031C28190452007EAE1E /* AlertView.swift */,
				184C5280282973A900357BB4 /* LabelForTextfield.swift */,
				1804E2F6281A7AF6009A9F9B /* UserImage.swift */,
				1804E2FE281A874A009A9F9B /* FootnoteText.swift */,
				1804E2FA281A83A7009A9F9B /* TitleText.swift */,
				1804E2FC281A85A3009A9F9B /* SingleTitle.swift */,
			);
			path = ViewBuilders;
			sourceTree = "<group>";
		};
		18B2031F28190B6D007EAE1E /* ViewModifiers */ = {
			isa = PBXGroup;
			children = (
				18B2032028190BA2007EAE1E /* CornerRadiusWithShadow.swift */,
				18B203222819BFBB007EAE1E /* VisibilityStyle.swift */,
				1804E2F42819D076009A9F9B /* CircleImageStyle.swift */,
				184C527E28296F4300357BB4 /* LabelForTextFieldStyle.swift */,
			);
			path = ViewModifiers;
			sourceTree = "<group>";
		};
		18B203242819C971007EAE1E /* PrototypeCell */ = {
			isa = PBXGroup;
			children = (
				1804E2F8281A7E18009A9F9B /* UserGroup.swift */,
			);
			path = PrototypeCell;
			sourceTree = "<group>";
		};
/* End PBXGroup section */

/* Begin PBXNativeTarget section */
		184C3480280FCE2300203031 /* SwiftUI-1788 */ = {
			isa = PBXNativeTarget;
			buildConfigurationList = 184C348F280FCE2700203031 /* Build configuration list for PBXNativeTarget "SwiftUI-1788" */;
			buildPhases = (
				184C347D280FCE2300203031 /* Sources */,
				184C347E280FCE2300203031 /* Frameworks */,
				184C347F280FCE2300203031 /* Resources */,
			);
			buildRules = (
			);
			dependencies = (
			);
			name = "SwiftUI-1788";
			productName = "SwiftUI-1788";
			productReference = 184C3481280FCE2300203031 /* SwiftUI-1788.app */;
			productType = "com.apple.product-type.application";
		};
/* End PBXNativeTarget section */

/* Begin PBXProject section */
		184C3479280FCE2300203031 /* Project object */ = {
			isa = PBXProject;
			attributes = {
				BuildIndependentTargetsInParallel = 1;
				LastSwiftUpdateCheck = 1330;
				LastUpgradeCheck = 1330;
				TargetAttributes = {
					184C3480280FCE2300203031 = {
						CreatedOnToolsVersion = 13.3.1;
					};
				};
			};
			buildConfigurationList = 184C347C280FCE2300203031 /* Build configuration list for PBXProject "SwiftUI-1788" */;
			compatibilityVersion = "Xcode 13.0";
			developmentRegion = en;
			hasScannedForEncodings = 0;
			knownRegions = (
				en,
				Base,
			);
			mainGroup = 184C3478280FCE2300203031;
			productRefGroup = 184C3482280FCE2300203031 /* Products */;
			projectDirPath = "";
			projectRoot = "";
			targets = (
				184C3480280FCE2300203031 /* SwiftUI-1788 */,
			);
		};
/* End PBXProject section */

/* Begin PBXResourcesBuildPhase section */
		184C347F280FCE2300203031 /* Resources */ = {
			isa = PBXResourcesBuildPhase;
			buildActionMask = 2147483647;
			files = (
				184C348C280FCE2700203031 /* Preview Assets.xcassets in Resources */,
				184C3489280FCE2700203031 /* Assets.xcassets in Resources */,
			);
			runOnlyForDeploymentPostprocessing = 0;
		};
/* End PBXResourcesBuildPhase section */

/* Begin PBXSourcesBuildPhase section */
		184C347D280FCE2300203031 /* Sources */ = {
			isa = PBXSourcesBuildPhase;
			buildActionMask = 2147483647;
			files = (
				1804E2F7281A7AF6009A9F9B /* UserImage.swift in Sources */,
				1804E301281A8C8A009A9F9B /* HomeView.swift in Sources */,
				184C527F28296F4300357BB4 /* LabelForTextFieldStyle.swift in Sources */,
				184C3487280FCE2300203031 /* LoginView.swift in Sources */,
				18B203232819BFBB007EAE1E /* VisibilityStyle.swift in Sources */,
				1828C482281E7970006C8B66 /* ImageGalleryView.swift in Sources */,
				182AF82F28201FEC007F4D83 /* SectionModel.swift in Sources */,
				18B2032128190BA2007EAE1E /* CornerRadiusWithShadow.swift in Sources */,
				180349C1281E9D1700CCC90B /* TabBarView.swift in Sources */,
				1804E2FD281A85A3009A9F9B /* SingleTitle.swift in Sources */,
				1804E2FB281A83A7009A9F9B /* TitleText.swift in Sources */,
				18288300281CDD4400FEB5A4 /* FriendDetailView.swift in Sources */,
				1804E2F32819CA1C009A9F9B /* FriendsListView.swift in Sources */,
				1804E2FF281A874A009A9F9B /* FootnoteText.swift in Sources */,
				18B2031D28190452007EAE1E /* AlertView.swift in Sources */,
				183CD53B281C9303001884AB /* FriendModel.swift in Sources */,
				180349C3281EA51500CCC90B /* PicturesGalleryView.swift in Sources */,
				1828C484281E838D006C8B66 /* ImageModel.swift in Sources */,
				184C3485280FCE2300203031 /* SwiftUI_1788App.swift in Sources */,
				1804E2F9281A7E18009A9F9B /* UserGroup.swift in Sources */,
				1804E304281A9859009A9F9B /* ContainerView.swift in Sources */,
				184C5281282973A900357BB4 /* LabelForTextfield.swift in Sources */,
				1804E2F52819D076009A9F9B /* CircleImageStyle.swift in Sources */,
			);
			runOnlyForDeploymentPostprocessing = 0;
		};
/* End PBXSourcesBuildPhase section */

/* Begin XCBuildConfiguration section */
		184C348D280FCE2700203031 /* Debug */ = {
			isa = XCBuildConfiguration;
			buildSettings = {
				ALWAYS_SEARCH_USER_PATHS = NO;
				CLANG_ANALYZER_NONNULL = YES;
				CLANG_ANALYZER_NUMBER_OBJECT_CONVERSION = YES_AGGRESSIVE;
				CLANG_CXX_LANGUAGE_STANDARD = "gnu++17";
				CLANG_ENABLE_MODULES = YES;
				CLANG_ENABLE_OBJC_ARC = YES;
				CLANG_ENABLE_OBJC_WEAK = YES;
				CLANG_WARN_BLOCK_CAPTURE_AUTORELEASING = YES;
				CLANG_WARN_BOOL_CONVERSION = YES;
				CLANG_WARN_COMMA = YES;
				CLANG_WARN_CONSTANT_CONVERSION = YES;
				CLANG_WARN_DEPRECATED_OBJC_IMPLEMENTATIONS = YES;
				CLANG_WARN_DIRECT_OBJC_ISA_USAGE = YES_ERROR;
				CLANG_WARN_DOCUMENTATION_COMMENTS = YES;
				CLANG_WARN_EMPTY_BODY = YES;
				CLANG_WARN_ENUM_CONVERSION = YES;
				CLANG_WARN_INFINITE_RECURSION = YES;
				CLANG_WARN_INT_CONVERSION = YES;
				CLANG_WARN_NON_LITERAL_NULL_CONVERSION = YES;
				CLANG_WARN_OBJC_IMPLICIT_RETAIN_SELF = YES;
				CLANG_WARN_OBJC_LITERAL_CONVERSION = YES;
				CLANG_WARN_OBJC_ROOT_CLASS = YES_ERROR;
				CLANG_WARN_QUOTED_INCLUDE_IN_FRAMEWORK_HEADER = YES;
				CLANG_WARN_RANGE_LOOP_ANALYSIS = YES;
				CLANG_WARN_STRICT_PROTOTYPES = YES;
				CLANG_WARN_SUSPICIOUS_MOVE = YES;
				CLANG_WARN_UNGUARDED_AVAILABILITY = YES_AGGRESSIVE;
				CLANG_WARN_UNREACHABLE_CODE = YES;
				CLANG_WARN__DUPLICATE_METHOD_MATCH = YES;
				COPY_PHASE_STRIP = NO;
				DEBUG_INFORMATION_FORMAT = dwarf;
				ENABLE_STRICT_OBJC_MSGSEND = YES;
				ENABLE_TESTABILITY = YES;
				GCC_C_LANGUAGE_STANDARD = gnu11;
				GCC_DYNAMIC_NO_PIC = NO;
				GCC_NO_COMMON_BLOCKS = YES;
				GCC_OPTIMIZATION_LEVEL = 0;
				GCC_PREPROCESSOR_DEFINITIONS = (
					"DEBUG=1",
					"$(inherited)",
				);
				GCC_WARN_64_TO_32_BIT_CONVERSION = YES;
				GCC_WARN_ABOUT_RETURN_TYPE = YES_ERROR;
				GCC_WARN_UNDECLARED_SELECTOR = YES;
				GCC_WARN_UNINITIALIZED_AUTOS = YES_AGGRESSIVE;
				GCC_WARN_UNUSED_FUNCTION = YES;
				GCC_WARN_UNUSED_VARIABLE = YES;
				IPHONEOS_DEPLOYMENT_TARGET = 15.4;
				MTL_ENABLE_DEBUG_INFO = INCLUDE_SOURCE;
				MTL_FAST_MATH = YES;
				ONLY_ACTIVE_ARCH = YES;
				SDKROOT = iphoneos;
				SWIFT_ACTIVE_COMPILATION_CONDITIONS = DEBUG;
				SWIFT_OPTIMIZATION_LEVEL = "-Onone";
			};
			name = Debug;
		};
		184C348E280FCE2700203031 /* Release */ = {
			isa = XCBuildConfiguration;
			buildSettings = {
				ALWAYS_SEARCH_USER_PATHS = NO;
				CLANG_ANALYZER_NONNULL = YES;
				CLANG_ANALYZER_NUMBER_OBJECT_CONVERSION = YES_AGGRESSIVE;
				CLANG_CXX_LANGUAGE_STANDARD = "gnu++17";
				CLANG_ENABLE_MODULES = YES;
				CLANG_ENABLE_OBJC_ARC = YES;
				CLANG_ENABLE_OBJC_WEAK = YES;
				CLANG_WARN_BLOCK_CAPTURE_AUTORELEASING = YES;
				CLANG_WARN_BOOL_CONVERSION = YES;
				CLANG_WARN_COMMA = YES;
				CLANG_WARN_CONSTANT_CONVERSION = YES;
				CLANG_WARN_DEPRECATED_OBJC_IMPLEMENTATIONS = YES;
				CLANG_WARN_DIRECT_OBJC_ISA_USAGE = YES_ERROR;
				CLANG_WARN_DOCUMENTATION_COMMENTS = YES;
				CLANG_WARN_EMPTY_BODY = YES;
				CLANG_WARN_ENUM_CONVERSION = YES;
				CLANG_WARN_INFINITE_RECURSION = YES;
				CLANG_WARN_INT_CONVERSION = YES;
				CLANG_WARN_NON_LITERAL_NULL_CONVERSION = YES;
				CLANG_WARN_OBJC_IMPLICIT_RETAIN_SELF = YES;
				CLANG_WARN_OBJC_LITERAL_CONVERSION = YES;
				CLANG_WARN_OBJC_ROOT_CLASS = YES_ERROR;
				CLANG_WARN_QUOTED_INCLUDE_IN_FRAMEWORK_HEADER = YES;
				CLANG_WARN_RANGE_LOOP_ANALYSIS = YES;
				CLANG_WARN_STRICT_PROTOTYPES = YES;
				CLANG_WARN_SUSPICIOUS_MOVE = YES;
				CLANG_WARN_UNGUARDED_AVAILABILITY = YES_AGGRESSIVE;
				CLANG_WARN_UNREACHABLE_CODE = YES;
				CLANG_WARN__DUPLICATE_METHOD_MATCH = YES;
				COPY_PHASE_STRIP = NO;
				DEBUG_INFORMATION_FORMAT = "dwarf-with-dsym";
				ENABLE_NS_ASSERTIONS = NO;
				ENABLE_STRICT_OBJC_MSGSEND = YES;
				GCC_C_LANGUAGE_STANDARD = gnu11;
				GCC_NO_COMMON_BLOCKS = YES;
				GCC_WARN_64_TO_32_BIT_CONVERSION = YES;
				GCC_WARN_ABOUT_RETURN_TYPE = YES_ERROR;
				GCC_WARN_UNDECLARED_SELECTOR = YES;
				GCC_WARN_UNINITIALIZED_AUTOS = YES_AGGRESSIVE;
				GCC_WARN_UNUSED_FUNCTION = YES;
				GCC_WARN_UNUSED_VARIABLE = YES;
				IPHONEOS_DEPLOYMENT_TARGET = 15.4;
				MTL_ENABLE_DEBUG_INFO = NO;
				MTL_FAST_MATH = YES;
				SDKROOT = iphoneos;
				SWIFT_COMPILATION_MODE = wholemodule;
				SWIFT_OPTIMIZATION_LEVEL = "-O";
				VALIDATE_PRODUCT = YES;
			};
			name = Release;
		};
		184C3490280FCE2700203031 /* Debug */ = {
			isa = XCBuildConfiguration;
			buildSettings = {
				ASSETCATALOG_COMPILER_APPICON_NAME = AppIcon;
				ASSETCATALOG_COMPILER_GLOBAL_ACCENT_COLOR_NAME = AccentColor;
				CODE_SIGN_STYLE = Automatic;
				CURRENT_PROJECT_VERSION = 1;
				DEVELOPMENT_ASSET_PATHS = "\"SwiftUI-1788/Preview Content\"";
				DEVELOPMENT_TEAM = 9BK8NWYM5V;
				ENABLE_PREVIEWS = YES;
				GENERATE_INFOPLIST_FILE = YES;
				INFOPLIST_KEY_UIApplicationSceneManifest_Generation = YES;
				INFOPLIST_KEY_UIApplicationSupportsIndirectInputEvents = YES;
				INFOPLIST_KEY_UILaunchScreen_Generation = YES;
				INFOPLIST_KEY_UISupportedInterfaceOrientations_iPad = "UIInterfaceOrientationPortrait UIInterfaceOrientationPortraitUpsideDown UIInterfaceOrientationLandscapeLeft UIInterfaceOrientationLandscapeRight";
				INFOPLIST_KEY_UISupportedInterfaceOrientations_iPhone = "UIInterfaceOrientationPortrait UIInterfaceOrientationLandscapeLeft UIInterfaceOrientationLandscapeRight";
				LD_RUNPATH_SEARCH_PATHS = (
					"$(inherited)",
					"@executable_path/Frameworks",
				);
				MARKETING_VERSION = 1.0;
				PRODUCT_BUNDLE_IDENTIFIER = "NikNik.SwiftUI-1788";
				PRODUCT_NAME = "$(TARGET_NAME)";
				SWIFT_EMIT_LOC_STRINGS = YES;
				SWIFT_VERSION = 5.0;
				TARGETED_DEVICE_FAMILY = "1,2";
			};
			name = Debug;
		};
		184C3491280FCE2700203031 /* Release */ = {
			isa = XCBuildConfiguration;
			buildSettings = {
				ASSETCATALOG_COMPILER_APPICON_NAME = AppIcon;
				ASSETCATALOG_COMPILER_GLOBAL_ACCENT_COLOR_NAME = AccentColor;
				CODE_SIGN_STYLE = Automatic;
				CURRENT_PROJECT_VERSION = 1;
				DEVELOPMENT_ASSET_PATHS = "\"SwiftUI-1788/Preview Content\"";
				DEVELOPMENT_TEAM = 9BK8NWYM5V;
				ENABLE_PREVIEWS = YES;
				GENERATE_INFOPLIST_FILE = YES;
				INFOPLIST_KEY_UIApplicationSceneManifest_Generation = YES;
				INFOPLIST_KEY_UIApplicationSupportsIndirectInputEvents = YES;
				INFOPLIST_KEY_UILaunchScreen_Generation = YES;
				INFOPLIST_KEY_UISupportedInterfaceOrientations_iPad = "UIInterfaceOrientationPortrait UIInterfaceOrientationPortraitUpsideDown UIInterfaceOrientationLandscapeLeft UIInterfaceOrientationLandscapeRight";
				INFOPLIST_KEY_UISupportedInterfaceOrientations_iPhone = "UIInterfaceOrientationPortrait UIInterfaceOrientationLandscapeLeft UIInterfaceOrientationLandscapeRight";
				LD_RUNPATH_SEARCH_PATHS = (
					"$(inherited)",
					"@executable_path/Frameworks",
				);
				MARKETING_VERSION = 1.0;
				PRODUCT_BUNDLE_IDENTIFIER = "NikNik.SwiftUI-1788";
				PRODUCT_NAME = "$(TARGET_NAME)";
				SWIFT_EMIT_LOC_STRINGS = YES;
				SWIFT_VERSION = 5.0;
				TARGETED_DEVICE_FAMILY = "1,2";
			};
			name = Release;
		};
/* End XCBuildConfiguration section */

/* Begin XCConfigurationList section */
		184C347C280FCE2300203031 /* Build configuration list for PBXProject "SwiftUI-1788" */ = {
			isa = XCConfigurationList;
			buildConfigurations = (
				184C348D280FCE2700203031 /* Debug */,
				184C348E280FCE2700203031 /* Release */,
			);
			defaultConfigurationIsVisible = 0;
			defaultConfigurationName = Release;
		};
		184C348F280FCE2700203031 /* Build configuration list for PBXNativeTarget "SwiftUI-1788" */ = {
			isa = XCConfigurationList;
			buildConfigurations = (
				184C3490280FCE2700203031 /* Debug */,
				184C3491280FCE2700203031 /* Release */,
			);
			defaultConfigurationIsVisible = 0;
			defaultConfigurationName = Release;
		};
/* End XCConfigurationList section */
	};
	rootObject = 184C3479280FCE2300203031 /* Project object */;
}
